{
  "nodes": {
    "nixpkgs": {
      "locked": {
        "lastModified": 1609548068,
        "narHash": "sha256-jvC6y1KA3LcrQLSAJQ7BhTaGCev269M39E/vp1T/4uc=",
        "owner": "NixOS",
        "repo": "nixpkgs",
        "rev": "2411148dd076b14959a8d26c2c8e317db91929e5",
        "type": "github"
      },
      "original": {
        "id": "nixpkgs",
        "type": "indirect"
      }
    },
    "root": {
      "inputs": {
        "nixpkgs": "nixpkgs",
        "utils": "utils"
      }
    },
    "utils": {
      "locked": {
        "lastModified": 1609246779,
        "narHash": "sha256-eq6ZXE/VWo3EMC65jmIT6H/rrUc9UWOWVujkzav025k=",
        "owner": "numtide",
        "repo": "flake-utils",
        "rev": "08c7ad4a0844adc4a7f9f5bb3beae482e789afa4",
        "type": "github"
      },
      "original": {
        "owner": "numtide",
        "repo": "flake-utils",
        "type": "github"
      }
    }
  },
  "root": "root",
  "version": 7
}
